// !$*UTF8*$!
{
	archiveVersion = 1;
	classes = {
	};
	objectVersion = 46;
	objects = {

/* Begin PBXBuildFile section */
		B976388F1C3C990D0015F7B8 /* main.m in Sources */ = {isa = PBXBuildFile; fileRef = B976388E1C3C990D0015F7B8 /* main.m */; };
		B97638921C3C990D0015F7B8 /* AppDelegate.m in Sources */ = {isa = PBXBuildFile; fileRef = B97638911C3C990D0015F7B8 /* AppDelegate.m */; };
		B97638951C3C990D0015F7B8 /* ViewController.m in Sources */ = {isa = PBXBuildFile; fileRef = B97638941C3C990D0015F7B8 /* ViewController.m */; };
		B97638981C3C990D0015F7B8 /* Main.storyboard in Resources */ = {isa = PBXBuildFile; fileRef = B97638961C3C990D0015F7B8 /* Main.storyboard */; };
		B976389B1C3C990D0015F7B8 /* Parse_Object.xcdatamodeld in Sources */ = {isa = PBXBuildFile; fileRef = B97638991C3C990D0015F7B8 /* Parse_Object.xcdatamodeld */; };
		B976389D1C3C990D0015F7B8 /* Assets.xcassets in Resources */ = {isa = PBXBuildFile; fileRef = B976389C1C3C990D0015F7B8 /* Assets.xcassets */; };
		B97638A01C3C990D0015F7B8 /* LaunchScreen.storyboard in Resources */ = {isa = PBXBuildFile; fileRef = B976389E1C3C990D0015F7B8 /* LaunchScreen.storyboard */; };
		B97638DE1C3C9C780015F7B8 /* NSObject+SBJson.m in Sources */ = {isa = PBXBuildFile; fileRef = B97638AC1C3C9C780015F7B8 /* NSObject+SBJson.m */; };
		B97638DF1C3C9C780015F7B8 /* SBJsonParser.m in Sources */ = {isa = PBXBuildFile; fileRef = B97638AF1C3C9C780015F7B8 /* SBJsonParser.m */; };
		B97638E01C3C9C780015F7B8 /* SBJsonStreamParser.m in Sources */ = {isa = PBXBuildFile; fileRef = B97638B11C3C9C780015F7B8 /* SBJsonStreamParser.m */; };
		B97638E11C3C9C780015F7B8 /* SBJsonStreamParserAccumulator.m in Sources */ = {isa = PBXBuildFile; fileRef = B97638B31C3C9C780015F7B8 /* SBJsonStreamParserAccumulator.m */; };
		B97638E21C3C9C780015F7B8 /* SBJsonStreamParserAdapter.m in Sources */ = {isa = PBXBuildFile; fileRef = B97638B51C3C9C780015F7B8 /* SBJsonStreamParserAdapter.m */; };
		B97638E31C3C9C780015F7B8 /* SBJsonStreamParserState.m in Sources */ = {isa = PBXBuildFile; fileRef = B97638B71C3C9C780015F7B8 /* SBJsonStreamParserState.m */; };
		B97638E41C3C9C780015F7B8 /* SBJsonStreamWriter.m in Sources */ = {isa = PBXBuildFile; fileRef = B97638B91C3C9C780015F7B8 /* SBJsonStreamWriter.m */; };
		B97638E51C3C9C780015F7B8 /* SBJsonStreamWriterAccumulator.m in Sources */ = {isa = PBXBuildFile; fileRef = B97638BB1C3C9C780015F7B8 /* SBJsonStreamWriterAccumulator.m */; };
		B97638E61C3C9C780015F7B8 /* SBJsonStreamWriterState.m in Sources */ = {isa = PBXBuildFile; fileRef = B97638BD1C3C9C780015F7B8 /* SBJsonStreamWriterState.m */; };
		B97638E71C3C9C780015F7B8 /* SBJsonTokeniser.m in Sources */ = {isa = PBXBuildFile; fileRef = B97638BF1C3C9C780015F7B8 /* SBJsonTokeniser.m */; };
		B97638E81C3C9C780015F7B8 /* SBJsonUTF8Stream.m in Sources */ = {isa = PBXBuildFile; fileRef = B97638C11C3C9C780015F7B8 /* SBJsonUTF8Stream.m */; };
		B97638E91C3C9C780015F7B8 /* SBJsonWriter.m in Sources */ = {isa = PBXBuildFile; fileRef = B97638C31C3C9C780015F7B8 /* SBJsonWriter.m */; };
		B97638EA1C3C9C780015F7B8 /* NSDictionary+ObjectMapper.m in Sources */ = {isa = PBXBuildFile; fileRef = B97638C71C3C9C780015F7B8 /* NSDictionary+ObjectMapper.m */; };
		B97638EB1C3C9C780015F7B8 /* NSObject+ObjectMapper.m in Sources */ = {isa = PBXBuildFile; fileRef = B97638C91C3C9C780015F7B8 /* NSObject+ObjectMapper.m */; };
		B97638EC1C3C9C780015F7B8 /* ManagedObjectInstanceProvider.m in Sources */ = {isa = PBXBuildFile; fileRef = B97638CD1C3C9C780015F7B8 /* ManagedObjectInstanceProvider.m */; };
		B97638ED1C3C9C780015F7B8 /* ObjectInstanceProvider.m in Sources */ = {isa = PBXBuildFile; fileRef = B97638CF1C3C9C780015F7B8 /* ObjectInstanceProvider.m */; };
		B97638EE1C3C9C780015F7B8 /* CommonLoggingProvider.m in Sources */ = {isa = PBXBuildFile; fileRef = B97638D21C3C9C780015F7B8 /* CommonLoggingProvider.m */; };
		B97638EF1C3C9C780015F7B8 /* InCodeMappingProvider.m in Sources */ = {isa = PBXBuildFile; fileRef = B97638D71C3C9C780015F7B8 /* InCodeMappingProvider.m */; };
		B97638F01C3C9C780015F7B8 /* ObjectMapper.m in Sources */ = {isa = PBXBuildFile; fileRef = B97638DA1C3C9C780015F7B8 /* ObjectMapper.m */; };
		B97638F11C3C9C780015F7B8 /* ObjectMappingInfo.m in Sources */ = {isa = PBXBuildFile; fileRef = B97638DC1C3C9C780015F7B8 /* ObjectMappingInfo.m */; };
		B97638F81C3C9E5D0015F7B8 /* Declarations.m in Sources */ = {isa = PBXBuildFile; fileRef = B97638F71C3C9E5D0015F7B8 /* Declarations.m */; };
		B97638FB1C3C9E7F0015F7B8 /* WebServices.m in Sources */ = {isa = PBXBuildFile; fileRef = B97638FA1C3C9E7F0015F7B8 /* WebServices.m */; };
		B97638FE1C3C9E9C0015F7B8 /* Parser.m in Sources */ = {isa = PBXBuildFile; fileRef = B97638FD1C3C9E9C0015F7B8 /* Parser.m */; };
		B97639011C3C9EE10015F7B8 /* OCMapperConfig.m in Sources */ = {isa = PBXBuildFile; fileRef = B97639001C3C9EE10015F7B8 /* OCMapperConfig.m */; };
		B97639051C3CAF330015F7B8 /* ObjectResponse.m in Sources */ = {isa = PBXBuildFile; fileRef = B97639041C3CAF330015F7B8 /* ObjectResponse.m */; };
		B97639091C3CB9CB0015F7B8 /* ZonesObject.m in Sources */ = {isa = PBXBuildFile; fileRef = B97639081C3CB9CB0015F7B8 /* ZonesObject.m */; };
/* End PBXBuildFile section */

/* Begin PBXFileReference section */
		B976388A1C3C990D0015F7B8 /* Parse Object.app */ = {isa = PBXFileReference; explicitFileType = wrapper.application; includeInIndex = 0; path = "Parse Object.app"; sourceTree = BUILT_PRODUCTS_DIR; };
		B976388E1C3C990D0015F7B8 /* main.m */ = {isa = PBXFileReference; lastKnownFileType = sourcecode.c.objc; path = main.m; sourceTree = "<group>"; };
		B97638901C3C990D0015F7B8 /* AppDelegate.h */ = {isa = PBXFileReference; lastKnownFileType = sourcecode.c.h; path = AppDelegate.h; sourceTree = "<group>"; };
		B97638911C3C990D0015F7B8 /* AppDelegate.m */ = {isa = PBXFileReference; lastKnownFileType = sourcecode.c.objc; path = AppDelegate.m; sourceTree = "<group>"; };
		B97638931C3C990D0015F7B8 /* ViewController.h */ = {isa = PBXFileReference; lastKnownFileType = sourcecode.c.h; path = ViewController.h; sourceTree = "<group>"; };
		B97638941C3C990D0015F7B8 /* ViewController.m */ = {isa = PBXFileReference; lastKnownFileType = sourcecode.c.objc; path = ViewController.m; sourceTree = "<group>"; };
		B97638971C3C990D0015F7B8 /* Base */ = {isa = PBXFileReference; lastKnownFileType = file.storyboard; name = Base; path = Base.lproj/Main.storyboard; sourceTree = "<group>"; };
		B976389A1C3C990D0015F7B8 /* Parse_Object.xcdatamodel */ = {isa = PBXFileReference; lastKnownFileType = wrapper.xcdatamodel; path = Parse_Object.xcdatamodel; sourceTree = "<group>"; };
		B976389C1C3C990D0015F7B8 /* Assets.xcassets */ = {isa = PBXFileReference; lastKnownFileType = folder.assetcatalog; path = Assets.xcassets; sourceTree = "<group>"; };
		B976389F1C3C990D0015F7B8 /* Base */ = {isa = PBXFileReference; lastKnownFileType = file.storyboard; name = Base; path = Base.lproj/LaunchScreen.storyboard; sourceTree = "<group>"; };
		B97638A11C3C990D0015F7B8 /* Info.plist */ = {isa = PBXFileReference; lastKnownFileType = text.plist.xml; path = Info.plist; sourceTree = "<group>"; };
		B97638AB1C3C9C780015F7B8 /* NSObject+SBJson.h */ = {isa = PBXFileReference; fileEncoding = 4; lastKnownFileType = sourcecode.c.h; path = "NSObject+SBJson.h"; sourceTree = "<group>"; };
		B97638AC1C3C9C780015F7B8 /* NSObject+SBJson.m */ = {isa = PBXFileReference; fileEncoding = 4; lastKnownFileType = sourcecode.c.objc; path = "NSObject+SBJson.m"; sourceTree = "<group>"; };
		B97638AD1C3C9C780015F7B8 /* SBJson.h */ = {isa = PBXFileReference; fileEncoding = 4; lastKnownFileType = sourcecode.c.h; path = SBJson.h; sourceTree = "<group>"; };
		B97638AE1C3C9C780015F7B8 /* SBJsonParser.h */ = {isa = PBXFileReference; fileEncoding = 4; lastKnownFileType = sourcecode.c.h; path = SBJsonParser.h; sourceTree = "<group>"; };
		B97638AF1C3C9C780015F7B8 /* SBJsonParser.m */ = {isa = PBXFileReference; fileEncoding = 4; lastKnownFileType = sourcecode.c.objc; path = SBJsonParser.m; sourceTree = "<group>"; };
		B97638B01C3C9C780015F7B8 /* SBJsonStreamParser.h */ = {isa = PBXFileReference; fileEncoding = 4; lastKnownFileType = sourcecode.c.h; path = SBJsonStreamParser.h; sourceTree = "<group>"; };
		B97638B11C3C9C780015F7B8 /* SBJsonStreamParser.m */ = {isa = PBXFileReference; fileEncoding = 4; lastKnownFileType = sourcecode.c.objc; path = SBJsonStreamParser.m; sourceTree = "<group>"; };
		B97638B21C3C9C780015F7B8 /* SBJsonStreamParserAccumulator.h */ = {isa = PBXFileReference; fileEncoding = 4; lastKnownFileType = sourcecode.c.h; path = SBJsonStreamParserAccumulator.h; sourceTree = "<group>"; };
		B97638B31C3C9C780015F7B8 /* SBJsonStreamParserAccumulator.m */ = {isa = PBXFileReference; fileEncoding = 4; lastKnownFileType = sourcecode.c.objc; path = SBJsonStreamParserAccumulator.m; sourceTree = "<group>"; };
		B97638B41C3C9C780015F7B8 /* SBJsonStreamParserAdapter.h */ = {isa = PBXFileReference; fileEncoding = 4; lastKnownFileType = sourcecode.c.h; path = SBJsonStreamParserAdapter.h; sourceTree = "<group>"; };
		B97638B51C3C9C780015F7B8 /* SBJsonStreamParserAdapter.m */ = {isa = PBXFileReference; fileEncoding = 4; lastKnownFileType = sourcecode.c.objc; path = SBJsonStreamParserAdapter.m; sourceTree = "<group>"; };
		B97638B61C3C9C780015F7B8 /* SBJsonStreamParserState.h */ = {isa = PBXFileReference; fileEncoding = 4; lastKnownFileType = sourcecode.c.h; path = SBJsonStreamParserState.h; sourceTree = "<group>"; };
		B97638B71C3C9C780015F7B8 /* SBJsonStreamParserState.m */ = {isa = PBXFileReference; fileEncoding = 4; lastKnownFileType = sourcecode.c.objc; path = SBJsonStreamParserState.m; sourceTree = "<group>"; };
		B97638B81C3C9C780015F7B8 /* SBJsonStreamWriter.h */ = {isa = PBXFileReference; fileEncoding = 4; lastKnownFileType = sourcecode.c.h; path = SBJsonStreamWriter.h; sourceTree = "<group>"; };
		B97638B91C3C9C780015F7B8 /* SBJsonStreamWriter.m */ = {isa = PBXFileReference; fileEncoding = 4; lastKnownFileType = sourcecode.c.objc; path = SBJsonStreamWriter.m; sourceTree = "<group>"; };
		B97638BA1C3C9C780015F7B8 /* SBJsonStreamWriterAccumulator.h */ = {isa = PBXFileReference; fileEncoding = 4; lastKnownFileType = sourcecode.c.h; path = SBJsonStreamWriterAccumulator.h; sourceTree = "<group>"; };
		B97638BB1C3C9C780015F7B8 /* SBJsonStreamWriterAccumulator.m */ = {isa = PBXFileReference; fileEncoding = 4; lastKnownFileType = sourcecode.c.objc; path = SBJsonStreamWriterAccumulator.m; sourceTree = "<group>"; };
		B97638BC1C3C9C780015F7B8 /* SBJsonStreamWriterState.h */ = {isa = PBXFileReference; fileEncoding = 4; lastKnownFileType = sourcecode.c.h; path = SBJsonStreamWriterState.h; sourceTree = "<group>"; };
		B97638BD1C3C9C780015F7B8 /* SBJsonStreamWriterState.m */ = {isa = PBXFileReference; fileEncoding = 4; lastKnownFileType = sourcecode.c.objc; path = SBJsonStreamWriterState.m; sourceTree = "<group>"; };
		B97638BE1C3C9C780015F7B8 /* SBJsonTokeniser.h */ = {isa = PBXFileReference; fileEncoding = 4; lastKnownFileType = sourcecode.c.h; path = SBJsonTokeniser.h; sourceTree = "<group>"; };
		B97638BF1C3C9C780015F7B8 /* SBJsonTokeniser.m */ = {isa = PBXFileReference; fileEncoding = 4; lastKnownFileType = sourcecode.c.objc; path = SBJsonTokeniser.m; sourceTree = "<group>"; };
		B97638C01C3C9C780015F7B8 /* SBJsonUTF8Stream.h */ = {isa = PBXFileReference; fileEncoding = 4; lastKnownFileType = sourcecode.c.h; path = SBJsonUTF8Stream.h; sourceTree = "<group>"; };
		B97638C11C3C9C780015F7B8 /* SBJsonUTF8Stream.m */ = {isa = PBXFileReference; fileEncoding = 4; lastKnownFileType = sourcecode.c.objc; path = SBJsonUTF8Stream.m; sourceTree = "<group>"; };
		B97638C21C3C9C780015F7B8 /* SBJsonWriter.h */ = {isa = PBXFileReference; fileEncoding = 4; lastKnownFileType = sourcecode.c.h; path = SBJsonWriter.h; sourceTree = "<group>"; };
		B97638C31C3C9C780015F7B8 /* SBJsonWriter.m */ = {isa = PBXFileReference; fileEncoding = 4; lastKnownFileType = sourcecode.c.objc; path = SBJsonWriter.m; sourceTree = "<group>"; };
		B97638C61C3C9C780015F7B8 /* NSDictionary+ObjectMapper.h */ = {isa = PBXFileReference; fileEncoding = 4; lastKnownFileType = sourcecode.c.h; path = "NSDictionary+ObjectMapper.h"; sourceTree = "<group>"; };
		B97638C71C3C9C780015F7B8 /* NSDictionary+ObjectMapper.m */ = {isa = PBXFileReference; fileEncoding = 4; lastKnownFileType = sourcecode.c.objc; path = "NSDictionary+ObjectMapper.m"; sourceTree = "<group>"; };
		B97638C81C3C9C780015F7B8 /* NSObject+ObjectMapper.h */ = {isa = PBXFileReference; fileEncoding = 4; lastKnownFileType = sourcecode.c.h; path = "NSObject+ObjectMapper.h"; sourceTree = "<group>"; };
		B97638C91C3C9C780015F7B8 /* NSObject+ObjectMapper.m */ = {isa = PBXFileReference; fileEncoding = 4; lastKnownFileType = sourcecode.c.objc; path = "NSObject+ObjectMapper.m"; sourceTree = "<group>"; };
		B97638CB1C3C9C780015F7B8 /* InstanceProvider.h */ = {isa = PBXFileReference; fileEncoding = 4; lastKnownFileType = sourcecode.c.h; path = InstanceProvider.h; sourceTree = "<group>"; };
		B97638CC1C3C9C780015F7B8 /* ManagedObjectInstanceProvider.h */ = {isa = PBXFileReference; fileEncoding = 4; lastKnownFileType = sourcecode.c.h; path = ManagedObjectInstanceProvider.h; sourceTree = "<group>"; };
		B97638CD1C3C9C780015F7B8 /* ManagedObjectInstanceProvider.m */ = {isa = PBXFileReference; fileEncoding = 4; lastKnownFileType = sourcecode.c.objc; path = ManagedObjectInstanceProvider.m; sourceTree = "<group>"; };
		B97638CE1C3C9C780015F7B8 /* ObjectInstanceProvider.h */ = {isa = PBXFileReference; fileEncoding = 4; lastKnownFileType = sourcecode.c.h; path = ObjectInstanceProvider.h; sourceTree = "<group>"; };
		B97638CF1C3C9C780015F7B8 /* ObjectInstanceProvider.m */ = {isa = PBXFileReference; fileEncoding = 4; lastKnownFileType = sourcecode.c.objc; path = ObjectInstanceProvider.m; sourceTree = "<group>"; };
		B97638D11C3C9C780015F7B8 /* CommonLoggingProvider.h */ = {isa = PBXFileReference; fileEncoding = 4; lastKnownFileType = sourcecode.c.h; path = CommonLoggingProvider.h; sourceTree = "<group>"; };
		B97638D21C3C9C780015F7B8 /* CommonLoggingProvider.m */ = {isa = PBXFileReference; fileEncoding = 4; lastKnownFileType = sourcecode.c.objc; path = CommonLoggingProvider.m; sourceTree = "<group>"; };
		B97638D31C3C9C780015F7B8 /* LoggingProvider.h */ = {isa = PBXFileReference; fileEncoding = 4; lastKnownFileType = sourcecode.c.h; path = LoggingProvider.h; sourceTree = "<group>"; };
		B97638D61C3C9C780015F7B8 /* InCodeMappingProvider.h */ = {isa = PBXFileReference; fileEncoding = 4; lastKnownFileType = sourcecode.c.h; path = InCodeMappingProvider.h; sourceTree = "<group>"; };
		B97638D71C3C9C780015F7B8 /* InCodeMappingProvider.m */ = {isa = PBXFileReference; fileEncoding = 4; lastKnownFileType = sourcecode.c.objc; path = InCodeMappingProvider.m; sourceTree = "<group>"; };
		B97638D81C3C9C780015F7B8 /* MappingProvider.h */ = {isa = PBXFileReference; fileEncoding = 4; lastKnownFileType = sourcecode.c.h; path = MappingProvider.h; sourceTree = "<group>"; };
		B97638D91C3C9C780015F7B8 /* ObjectMapper.h */ = {isa = PBXFileReference; fileEncoding = 4; lastKnownFileType = sourcecode.c.h; path = ObjectMapper.h; sourceTree = "<group>"; };
		B97638DA1C3C9C780015F7B8 /* ObjectMapper.m */ = {isa = PBXFileReference; fileEncoding = 4; lastKnownFileType = sourcecode.c.objc; path = ObjectMapper.m; sourceTree = "<group>"; };
		B97638DB1C3C9C780015F7B8 /* ObjectMappingInfo.h */ = {isa = PBXFileReference; fileEncoding = 4; lastKnownFileType = sourcecode.c.h; path = ObjectMappingInfo.h; sourceTree = "<group>"; };
		B97638DC1C3C9C780015F7B8 /* ObjectMappingInfo.m */ = {isa = PBXFileReference; fileEncoding = 4; lastKnownFileType = sourcecode.c.objc; path = ObjectMappingInfo.m; sourceTree = "<group>"; };
		B97638DD1C3C9C780015F7B8 /* OCMapper.h */ = {isa = PBXFileReference; fileEncoding = 4; lastKnownFileType = sourcecode.c.h; path = OCMapper.h; sourceTree = "<group>"; };
		B97638F61C3C9E5D0015F7B8 /* Declarations.h */ = {isa = PBXFileReference; fileEncoding = 4; lastKnownFileType = sourcecode.c.h; path = Declarations.h; sourceTree = "<group>"; };
		B97638F71C3C9E5D0015F7B8 /* Declarations.m */ = {isa = PBXFileReference; fileEncoding = 4; lastKnownFileType = sourcecode.c.objc; path = Declarations.m; sourceTree = "<group>"; };
		B97638F91C3C9E7F0015F7B8 /* WebServices.h */ = {isa = PBXFileReference; fileEncoding = 4; lastKnownFileType = sourcecode.c.h; path = WebServices.h; sourceTree = "<group>"; };
		B97638FA1C3C9E7F0015F7B8 /* WebServices.m */ = {isa = PBXFileReference; fileEncoding = 4; lastKnownFileType = sourcecode.c.objc; path = WebServices.m; sourceTree = "<group>"; };
		B97638FC1C3C9E9C0015F7B8 /* Parser.h */ = {isa = PBXFileReference; fileEncoding = 4; lastKnownFileType = sourcecode.c.h; path = Parser.h; sourceTree = "<group>"; };
		B97638FD1C3C9E9C0015F7B8 /* Parser.m */ = {isa = PBXFileReference; fileEncoding = 4; lastKnownFileType = sourcecode.c.objc; path = Parser.m; sourceTree = "<group>"; };
		B97638FF1C3C9EE10015F7B8 /* OCMapperConfig.h */ = {isa = PBXFileReference; fileEncoding = 4; lastKnownFileType = sourcecode.c.h; path = OCMapperConfig.h; sourceTree = "<group>"; };
		B97639001C3C9EE10015F7B8 /* OCMapperConfig.m */ = {isa = PBXFileReference; fileEncoding = 4; lastKnownFileType = sourcecode.c.objc; path = OCMapperConfig.m; sourceTree = "<group>"; };
		B97639031C3CAF330015F7B8 /* ObjectResponse.h */ = {isa = PBXFileReference; fileEncoding = 4; lastKnownFileType = sourcecode.c.h; path = ObjectResponse.h; sourceTree = "<group>"; };
		B97639041C3CAF330015F7B8 /* ObjectResponse.m */ = {isa = PBXFileReference; fileEncoding = 4; lastKnownFileType = sourcecode.c.objc; path = ObjectResponse.m; sourceTree = "<group>"; };
		B97639071C3CB9CB0015F7B8 /* ZonesObject.h */ = {isa = PBXFileReference; fileEncoding = 4; lastKnownFileType = sourcecode.c.h; path = ZonesObject.h; sourceTree = "<group>"; };
		B97639081C3CB9CB0015F7B8 /* ZonesObject.m */ = {isa = PBXFileReference; fileEncoding = 4; lastKnownFileType = sourcecode.c.objc; path = ZonesObject.m; sourceTree = "<group>"; };
/* End PBXFileReference section */

/* Begin PBXFrameworksBuildPhase section */
		B97638871C3C990D0015F7B8 /* Frameworks */ = {
			isa = PBXFrameworksBuildPhase;
			buildActionMask = 2147483647;
			files = (
			);
			runOnlyForDeploymentPostprocessing = 0;
		};
/* End PBXFrameworksBuildPhase section */

/* Begin PBXGroup section */
		B97638811C3C990D0015F7B8 = {
			isa = PBXGroup;
			children = (
				B976388C1C3C990D0015F7B8 /* Parse Object */,
				B976388B1C3C990D0015F7B8 /* Products */,
			);
			sourceTree = "<group>";
		};
		B976388B1C3C990D0015F7B8 /* Products */ = {
			isa = PBXGroup;
			children = (
				B976388A1C3C990D0015F7B8 /* Parse Object.app */,
			);
			name = Products;
			sourceTree = "<group>";
		};
		B976388C1C3C990D0015F7B8 /* Parse Object */ = {
			isa = PBXGroup;
			children = (
				B97638A71C3C992A0015F7B8 /* Main */,
				B97638A91C3C9C540015F7B8 /* Classes */,
				B97638A81C3C99310015F7B8 /* Controllers */,
				B97638F21C3C9DBD0015F7B8 /* Models */,
				B97638961C3C990D0015F7B8 /* Main.storyboard */,
				B976389C1C3C990D0015F7B8 /* Assets.xcassets */,
				B976389E1C3C990D0015F7B8 /* LaunchScreen.storyboard */,
				B97638A11C3C990D0015F7B8 /* Info.plist */,
				B97638991C3C990D0015F7B8 /* Parse_Object.xcdatamodeld */,
				B976388D1C3C990D0015F7B8 /* Supporting Files */,
			);
			path = "Parse Object";
			sourceTree = "<group>";
		};
		B976388D1C3C990D0015F7B8 /* Supporting Files */ = {
			isa = PBXGroup;
			children = (
				B976388E1C3C990D0015F7B8 /* main.m */,
			);
			name = "Supporting Files";
			sourceTree = "<group>";
		};
		B97638A71C3C992A0015F7B8 /* Main */ = {
			isa = PBXGroup;
			children = (
				B97638901C3C990D0015F7B8 /* AppDelegate.h */,
				B97638911C3C990D0015F7B8 /* AppDelegate.m */,
				B97638F61C3C9E5D0015F7B8 /* Declarations.h */,
				B97638F71C3C9E5D0015F7B8 /* Declarations.m */,
				B97638F91C3C9E7F0015F7B8 /* WebServices.h */,
				B97638FA1C3C9E7F0015F7B8 /* WebServices.m */,
				B97638FC1C3C9E9C0015F7B8 /* Parser.h */,
				B97638FD1C3C9E9C0015F7B8 /* Parser.m */,
				B97638FF1C3C9EE10015F7B8 /* OCMapperConfig.h */,
				B97639001C3C9EE10015F7B8 /* OCMapperConfig.m */,
			);
			name = Main;
			sourceTree = "<group>";
		};
		B97638A81C3C99310015F7B8 /* Controllers */ = {
			isa = PBXGroup;
			children = (
				B97638931C3C990D0015F7B8 /* ViewController.h */,
				B97638941C3C990D0015F7B8 /* ViewController.m */,
			);
			name = Controllers;
			sourceTree = "<group>";
		};
		B97638A91C3C9C540015F7B8 /* Classes */ = {
			isa = PBXGroup;
			children = (
				B97638AA1C3C9C780015F7B8 /* json */,
				B97638C41C3C9C780015F7B8 /* ocmapper */,
			);
			name = Classes;
			sourceTree = "<group>";
		};
		B97638AA1C3C9C780015F7B8 /* json */ = {
			isa = PBXGroup;
			children = (
				B97638AB1C3C9C780015F7B8 /* NSObject+SBJson.h */,
				B97638AC1C3C9C780015F7B8 /* NSObject+SBJson.m */,
				B97638AD1C3C9C780015F7B8 /* SBJson.h */,
				B97638AE1C3C9C780015F7B8 /* SBJsonParser.h */,
				B97638AF1C3C9C780015F7B8 /* SBJsonParser.m */,
				B97638B01C3C9C780015F7B8 /* SBJsonStreamParser.h */,
				B97638B11C3C9C780015F7B8 /* SBJsonStreamParser.m */,
				B97638B21C3C9C780015F7B8 /* SBJsonStreamParserAccumulator.h */,
				B97638B31C3C9C780015F7B8 /* SBJsonStreamParserAccumulator.m */,
				B97638B41C3C9C780015F7B8 /* SBJsonStreamParserAdapter.h */,
				B97638B51C3C9C780015F7B8 /* SBJsonStreamParserAdapter.m */,
				B97638B61C3C9C780015F7B8 /* SBJsonStreamParserState.h */,
				B97638B71C3C9C780015F7B8 /* SBJsonStreamParserState.m */,
				B97638B81C3C9C780015F7B8 /* SBJsonStreamWriter.h */,
				B97638B91C3C9C780015F7B8 /* SBJsonStreamWriter.m */,
				B97638BA1C3C9C780015F7B8 /* SBJsonStreamWriterAccumulator.h */,
				B97638BB1C3C9C780015F7B8 /* SBJsonStreamWriterAccumulator.m */,
				B97638BC1C3C9C780015F7B8 /* SBJsonStreamWriterState.h */,
				B97638BD1C3C9C780015F7B8 /* SBJsonStreamWriterState.m */,
				B97638BE1C3C9C780015F7B8 /* SBJsonTokeniser.h */,
				B97638BF1C3C9C780015F7B8 /* SBJsonTokeniser.m */,
				B97638C01C3C9C780015F7B8 /* SBJsonUTF8Stream.h */,
				B97638C11C3C9C780015F7B8 /* SBJsonUTF8Stream.m */,
				B97638C21C3C9C780015F7B8 /* SBJsonWriter.h */,
				B97638C31C3C9C780015F7B8 /* SBJsonWriter.m */,
			);
			path = json;
			sourceTree = "<group>";
		};
		B97638C41C3C9C780015F7B8 /* ocmapper */ = {
			isa = PBXGroup;
			children = (
				B97638C51C3C9C780015F7B8 /* Categories */,
				B97638CA1C3C9C780015F7B8 /* Instance Provider */,
				B97638D01C3C9C780015F7B8 /* Logging Provider */,
				B97638D41C3C9C780015F7B8 /* Mapping Provider */,
				B97638D91C3C9C780015F7B8 /* ObjectMapper.h */,
				B97638DA1C3C9C780015F7B8 /* ObjectMapper.m */,
				B97638DB1C3C9C780015F7B8 /* ObjectMappingInfo.h */,
				B97638DC1C3C9C780015F7B8 /* ObjectMappingInfo.m */,
				B97638DD1C3C9C780015F7B8 /* OCMapper.h */,
			);
			path = ocmapper;
			sourceTree = "<group>";
		};
		B97638C51C3C9C780015F7B8 /* Categories */ = {
			isa = PBXGroup;
			children = (
				B97638C61C3C9C780015F7B8 /* NSDictionary+ObjectMapper.h */,
				B97638C71C3C9C780015F7B8 /* NSDictionary+ObjectMapper.m */,
				B97638C81C3C9C780015F7B8 /* NSObject+ObjectMapper.h */,
				B97638C91C3C9C780015F7B8 /* NSObject+ObjectMapper.m */,
			);
			path = Categories;
			sourceTree = "<group>";
		};
		B97638CA1C3C9C780015F7B8 /* Instance Provider */ = {
			isa = PBXGroup;
			children = (
				B97638CB1C3C9C780015F7B8 /* InstanceProvider.h */,
				B97638CC1C3C9C780015F7B8 /* ManagedObjectInstanceProvider.h */,
				B97638CD1C3C9C780015F7B8 /* ManagedObjectInstanceProvider.m */,
				B97638CE1C3C9C780015F7B8 /* ObjectInstanceProvider.h */,
				B97638CF1C3C9C780015F7B8 /* ObjectInstanceProvider.m */,
			);
			path = "Instance Provider";
			sourceTree = "<group>";
		};
		B97638D01C3C9C780015F7B8 /* Logging Provider */ = {
			isa = PBXGroup;
			children = (
				B97638D11C3C9C780015F7B8 /* CommonLoggingProvider.h */,
				B97638D21C3C9C780015F7B8 /* CommonLoggingProvider.m */,
				B97638D31C3C9C780015F7B8 /* LoggingProvider.h */,
			);
			path = "Logging Provider";
			sourceTree = "<group>";
		};
		B97638D41C3C9C780015F7B8 /* Mapping Provider */ = {
			isa = PBXGroup;
			children = (
				B97638D51C3C9C780015F7B8 /* In Code Mapping */,
				B97638D81C3C9C780015F7B8 /* MappingProvider.h */,
			);
			path = "Mapping Provider";
			sourceTree = "<group>";
		};
		B97638D51C3C9C780015F7B8 /* In Code Mapping */ = {
			isa = PBXGroup;
			children = (
				B97638D61C3C9C780015F7B8 /* InCodeMappingProvider.h */,
				B97638D71C3C9C780015F7B8 /* InCodeMappingProvider.m */,
			);
			path = "In Code Mapping";
			sourceTree = "<group>";
		};
		B97638F21C3C9DBD0015F7B8 /* Models */ = {
			isa = PBXGroup;
			children = (
				B97639021C3CAEF10015F7B8 /* General */,
				B97639061C3CB99A0015F7B8 /* Zones */,
			);
			name = Models;
			sourceTree = "<group>";
		};
		B97639021C3CAEF10015F7B8 /* General */ = {
			isa = PBXGroup;
			children = (
				B97639031C3CAF330015F7B8 /* ObjectResponse.h */,
				B97639041C3CAF330015F7B8 /* ObjectResponse.m */,
			);
			name = General;
			sourceTree = "<group>";
		};
		B97639061C3CB99A0015F7B8 /* Zones */ = {
			isa = PBXGroup;
			children = (
				B97639071C3CB9CB0015F7B8 /* ZonesObject.h */,
				B97639081C3CB9CB0015F7B8 /* ZonesObject.m */,
			);
			name = Zones;
			sourceTree = "<group>";
		};
/* End PBXGroup section */

/* Begin PBXNativeTarget section */
		B97638891C3C990D0015F7B8 /* Parse Object */ = {
			isa = PBXNativeTarget;
			buildConfigurationList = B97638A41C3C990D0015F7B8 /* Build configuration list for PBXNativeTarget "Parse Object" */;
			buildPhases = (
				B97638861C3C990D0015F7B8 /* Sources */,
				B97638871C3C990D0015F7B8 /* Frameworks */,
				B97638881C3C990D0015F7B8 /* Resources */,
			);
			buildRules = (
			);
			dependencies = (
			);
			name = "Parse Object";
			productName = "Parse Object";
			productReference = B976388A1C3C990D0015F7B8 /* Parse Object.app */;
			productType = "com.apple.product-type.application";
		};
/* End PBXNativeTarget section */

/* Begin PBXProject section */
		B97638821C3C990D0015F7B8 /* Project object */ = {
			isa = PBXProject;
			attributes = {
				LastUpgradeCheck = 0720;
				ORGANIZATIONNAME = "LI Leonel G. Pérez Ramos";
				TargetAttributes = {
					B97638891C3C990D0015F7B8 = {
						CreatedOnToolsVersion = 7.2;
					};
				};
			};
			buildConfigurationList = B97638851C3C990D0015F7B8 /* Build configuration list for PBXProject "Parse Object" */;
			compatibilityVersion = "Xcode 3.2";
			developmentRegion = English;
			hasScannedForEncodings = 0;
			knownRegions = (
				en,
				Base,
			);
			mainGroup = B97638811C3C990D0015F7B8;
			productRefGroup = B976388B1C3C990D0015F7B8 /* Products */;
			projectDirPath = "";
			projectRoot = "";
			targets = (
				B97638891C3C990D0015F7B8 /* Parse Object */,
			);
		};
/* End PBXProject section */

/* Begin PBXResourcesBuildPhase section */
		B97638881C3C990D0015F7B8 /* Resources */ = {
			isa = PBXResourcesBuildPhase;
			buildActionMask = 2147483647;
			files = (
				B97638A01C3C990D0015F7B8 /* LaunchScreen.storyboard in Resources */,
				B976389D1C3C990D0015F7B8 /* Assets.xcassets in Resources */,
				B97638981C3C990D0015F7B8 /* Main.storyboard in Resources */,
			);
			runOnlyForDeploymentPostprocessing = 0;
		};
/* End PBXResourcesBuildPhase section */

/* Begin PBXSourcesBuildPhase section */
		B97638861C3C990D0015F7B8 /* Sources */ = {
			isa = PBXSourcesBuildPhase;
			buildActionMask = 2147483647;
			files = (
				B97638EE1C3C9C780015F7B8 /* CommonLoggingProvider.m in Sources */,
				B97638951C3C990D0015F7B8 /* ViewController.m in Sources */,
				B97638921C3C990D0015F7B8 /* AppDelegate.m in Sources */,
				B97638E51C3C9C780015F7B8 /* SBJsonStreamWriterAccumulator.m in Sources */,
				B97638EB1C3C9C780015F7B8 /* NSObject+ObjectMapper.m in Sources */,
				B97638E11C3C9C780015F7B8 /* SBJsonStreamParserAccumulator.m in Sources */,
				B97638E31C3C9C780015F7B8 /* SBJsonStreamParserState.m in Sources */,
				B97638EA1C3C9C780015F7B8 /* NSDictionary+ObjectMapper.m in Sources */,
				B97639011C3C9EE10015F7B8 /* OCMapperConfig.m in Sources */,
				B97638E91C3C9C780015F7B8 /* SBJsonWriter.m in Sources */,
				B97638EF1C3C9C780015F7B8 /* InCodeMappingProvider.m in Sources */,
				B976389B1C3C990D0015F7B8 /* Parse_Object.xcdatamodeld in Sources */,
				B97638E61C3C9C780015F7B8 /* SBJsonStreamWriterState.m in Sources */,
				B97638DF1C3C9C780015F7B8 /* SBJsonParser.m in Sources */,
				B97638E81C3C9C780015F7B8 /* SBJsonUTF8Stream.m in Sources */,
				B97638E01C3C9C780015F7B8 /* SBJsonStreamParser.m in Sources */,
				B97639091C3CB9CB0015F7B8 /* ZonesObject.m in Sources */,
				B97638E71C3C9C780015F7B8 /* SBJsonTokeniser.m in Sources */,
				B97638FE1C3C9E9C0015F7B8 /* Parser.m in Sources */,
				B97638DE1C3C9C780015F7B8 /* NSObject+SBJson.m in Sources */,
				B976388F1C3C990D0015F7B8 /* main.m in Sources */,
				B97638FB1C3C9E7F0015F7B8 /* WebServices.m in Sources */,
				B97638F01C3C9C780015F7B8 /* ObjectMapper.m in Sources */,
				B97638F81C3C9E5D0015F7B8 /* Declarations.m in Sources */,
				B97638E41C3C9C780015F7B8 /* SBJsonStreamWriter.m in Sources */,
				B97638E21C3C9C780015F7B8 /* SBJsonStreamParserAdapter.m in Sources */,
				B97638F11C3C9C780015F7B8 /* ObjectMappingInfo.m in Sources */,
				B97638ED1C3C9C780015F7B8 /* ObjectInstanceProvider.m in Sources */,
				B97639051C3CAF330015F7B8 /* ObjectResponse.m in Sources */,
				B97638EC1C3C9C780015F7B8 /* ManagedObjectInstanceProvider.m in Sources */,
			);
			runOnlyForDeploymentPostprocessing = 0;
		};
/* End PBXSourcesBuildPhase section */

/* Begin PBXVariantGroup section */
		B97638961C3C990D0015F7B8 /* Main.storyboard */ = {
			isa = PBXVariantGroup;
			children = (
				B97638971C3C990D0015F7B8 /* Base */,
			);
			name = Main.storyboard;
			sourceTree = "<group>";
		};
		B976389E1C3C990D0015F7B8 /* LaunchScreen.storyboard */ = {
			isa = PBXVariantGroup;
			children = (
				B976389F1C3C990D0015F7B8 /* Base */,
			);
			name = LaunchScreen.storyboard;
			sourceTree = "<group>";
		};
/* End PBXVariantGroup section */

/* Begin XCBuildConfiguration section */
		B97638A21C3C990D0015F7B8 /* Debug */ = {
			isa = XCBuildConfiguration;
			buildSettings = {
				ALWAYS_SEARCH_USER_PATHS = NO;
				CLANG_CXX_LANGUAGE_STANDARD = "gnu++0x";
				CLANG_CXX_LIBRARY = "libc++";
				CLANG_ENABLE_MODULES = YES;
				CLANG_ENABLE_OBJC_ARC = YES;
				CLANG_WARN_BOOL_CONVERSION = YES;
				CLANG_WARN_CONSTANT_CONVERSION = YES;
				CLANG_WARN_DIRECT_OBJC_ISA_USAGE = YES_ERROR;
				CLANG_WARN_EMPTY_BODY = YES;
				CLANG_WARN_ENUM_CONVERSION = YES;
				CLANG_WARN_INT_CONVERSION = YES;
				CLANG_WARN_OBJC_ROOT_CLASS = YES_ERROR;
				CLANG_WARN_UNREACHABLE_CODE = YES;
				CLANG_WARN__DUPLICATE_METHOD_MATCH = YES;
				"CODE_SIGN_IDENTITY[sdk=iphoneos*]" = "iPhone Developer";
				COPY_PHASE_STRIP = NO;
				DEBUG_INFORMATION_FORMAT = dwarf;
				ENABLE_STRICT_OBJC_MSGSEND = YES;
				ENABLE_TESTABILITY = YES;
				GCC_C_LANGUAGE_STANDARD = gnu99;
				GCC_DYNAMIC_NO_PIC = NO;
				GCC_NO_COMMON_BLOCKS = YES;
				GCC_OPTIMIZATION_LEVEL = 0;
				GCC_PREPROCESSOR_DEFINITIONS = (
					"DEBUG=1",
					"$(inherited)",
				);
				GCC_WARN_64_TO_32_BIT_CONVERSION = YES;
				GCC_WARN_ABOUT_RETURN_TYPE = YES_ERROR;
				GCC_WARN_UNDECLARED_SELECTOR = YES;
				GCC_WARN_UNINITIALIZED_AUTOS = YES_AGGRESSIVE;
				GCC_WARN_UNUSED_FUNCTION = YES;
				GCC_WARN_UNUSED_VARIABLE = YES;
				IPHONEOS_DEPLOYMENT_TARGET = 9.2;
				MTL_ENABLE_DEBUG_INFO = YES;
				ONLY_ACTIVE_ARCH = YES;
				SDKROOT = iphoneos;
			};
			name = Debug;
		};
		B97638A31C3C990D0015F7B8 /* Release */ = {
			isa = XCBuildConfiguration;
			buildSettings = {
				ALWAYS_SEARCH_USER_PATHS = NO;
				CLANG_CXX_LANGUAGE_STANDARD = "gnu++0x";
				CLANG_CXX_LIBRARY = "libc++";
				CLANG_ENABLE_MODULES = YES;
				CLANG_ENABLE_OBJC_ARC = YES;
				CLANG_WARN_BOOL_CONVERSION = YES;
				CLANG_WARN_CONSTANT_CONVERSION = YES;
				CLANG_WARN_DIRECT_OBJC_ISA_USAGE = YES_ERROR;
				CLANG_WARN_EMPTY_BODY = YES;
				CLANG_WARN_ENUM_CONVERSION = YES;
				CLANG_WARN_INT_CONVERSION = YES;
				CLANG_WARN_OBJC_ROOT_CLASS = YES_ERROR;
				CLANG_WARN_UNREACHABLE_CODE = YES;
				CLANG_WARN__DUPLICATE_METHOD_MATCH = YES;
				"CODE_SIGN_IDENTITY[sdk=iphoneos*]" = "iPhone Developer";
				COPY_PHASE_STRIP = NO;
				DEBUG_INFORMATION_FORMAT = "dwarf-with-dsym";
				ENABLE_NS_ASSERTIONS = NO;
				ENABLE_STRICT_OBJC_MSGSEND = YES;
				GCC_C_LANGUAGE_STANDARD = gnu99;
				GCC_NO_COMMON_BLOCKS = YES;
				GCC_WARN_64_TO_32_BIT_CONVERSION = YES;
				GCC_WARN_ABOUT_RETURN_TYPE = YES_ERROR;
				GCC_WARN_UNDECLARED_SELECTOR = YES;
				GCC_WARN_UNINITIALIZED_AUTOS = YES_AGGRESSIVE;
				GCC_WARN_UNUSED_FUNCTION = YES;
				GCC_WARN_UNUSED_VARIABLE = YES;
				IPHONEOS_DEPLOYMENT_TARGET = 9.2;
				MTL_ENABLE_DEBUG_INFO = NO;
				SDKROOT = iphoneos;
				VALIDATE_PRODUCT = YES;
			};
			name = Release;
		};
		B97638A51C3C990D0015F7B8 /* Debug */ = {
			isa = XCBuildConfiguration;
			buildSettings = {
				ASSETCATALOG_COMPILER_APPICON_NAME = AppIcon;
				INFOPLIST_FILE = "Parse Object/Info.plist";
				IPHONEOS_DEPLOYMENT_TARGET = 8.1;
				LD_RUNPATH_SEARCH_PATHS = "$(inherited) @executable_path/Frameworks";
				PRODUCT_BUNDLE_IDENTIFIER = "com.LeonelGPR.Parse-Object";
				PRODUCT_NAME = "$(TARGET_NAME)";
			};
			name = Debug;
		};
		B97638A61C3C990D0015F7B8 /* Release */ = {
			isa = XCBuildConfiguration;
			buildSettings = {
				ASSETCATALOG_COMPILER_APPICON_NAME = AppIcon;
				INFOPLIST_FILE = "Parse Object/Info.plist";
				IPHONEOS_DEPLOYMENT_TARGET = 8.1;
				LD_RUNPATH_SEARCH_PATHS = "$(inherited) @executable_path/Frameworks";
				PRODUCT_BUNDLE_IDENTIFIER = "com.LeonelGPR.Parse-Object";
				PRODUCT_NAME = "$(TARGET_NAME)";
			};
			name = Release;
		};
/* End XCBuildConfiguration section */

/* Begin XCConfigurationList section */
		B97638851C3C990D0015F7B8 /* Build configuration list for PBXProject "Parse Object" */ = {
			isa = XCConfigurationList;
			buildConfigurations = (
				B97638A21C3C990D0015F7B8 /* Debug */,
				B97638A31C3C990D0015F7B8 /* Release */,
			);
			defaultConfigurationIsVisible = 0;
			defaultConfigurationName = Release;
		};
		B97638A41C3C990D0015F7B8 /* Build configuration list for PBXNativeTarget "Parse Object" */ = {
			isa = XCConfigurationList;
			buildConfigurations = (
				B97638A51C3C990D0015F7B8 /* Debug */,
				B97638A61C3C990D0015F7B8 /* Release */,
			);
			defaultConfigurationIsVisible = 0;
		};
/* End XCConfigurationList section */

/* Begin XCVersionGroup section */
		B97638991C3C990D0015F7B8 /* Parse_Object.xcdatamodeld */ = {
			isa = XCVersionGroup;
			children = (
				B976389A1C3C990D0015F7B8 /* Parse_Object.xcdatamodel */,
			);
			currentVersion = B976389A1C3C990D0015F7B8 /* Parse_Object.xcdatamodel */;
			path = Parse_Object.xcdatamodeld;
			sourceTree = "<group>";
			versionGroupType = wrapper.xcdatamodel;
		};
/* End XCVersionGroup section */
	};
	rootObject = B97638821C3C990D0015F7B8 /* Project object */;
}
